// !$*UTF8*$!
{
	archiveVersion = 1;
	classes = {
	};
	objectVersion = 50;
	objects = {

/* Begin PBXBuildFile section */
		4A78364B2502E38200F7FB90 /* AppDelegate.swift in Sources */ = {isa = PBXBuildFile; fileRef = 4A78364A2502E38200F7FB90 /* AppDelegate.swift */; };
		4A78364D2502E38200F7FB90 /* SceneDelegate.swift in Sources */ = {isa = PBXBuildFile; fileRef = 4A78364C2502E38200F7FB90 /* SceneDelegate.swift */; };
		4A7836522502E38200F7FB90 /* Main.storyboard in Resources */ = {isa = PBXBuildFile; fileRef = 4A7836502502E38200F7FB90 /* Main.storyboard */; };
		4A7836542502E38500F7FB90 /* Assets.xcassets in Resources */ = {isa = PBXBuildFile; fileRef = 4A7836532502E38500F7FB90 /* Assets.xcassets */; };
		4A7836572502E38500F7FB90 /* LaunchScreen.storyboard in Resources */ = {isa = PBXBuildFile; fileRef = 4A7836552502E38500F7FB90 /* LaunchScreen.storyboard */; };
		4A7836622502E38600F7FB90 /* Tip_Calc_version2Tests.swift in Sources */ = {isa = PBXBuildFile; fileRef = 4A7836612502E38600F7FB90 /* Tip_Calc_version2Tests.swift */; };
		4A78366D2502E38600F7FB90 /* Tip_Calc_version2UITests.swift in Sources */ = {isa = PBXBuildFile; fileRef = 4A78366C2502E38600F7FB90 /* Tip_Calc_version2UITests.swift */; };
		4A78367B2502F37E00F7FB90 /* TipCalcViewController.swift in Sources */ = {isa = PBXBuildFile; fileRef = 4A78367A2502F37E00F7FB90 /* TipCalcViewController.swift */; };
		4A78367D2502F86900F7FB90 /* TipCalculator.swift in Sources */ = {isa = PBXBuildFile; fileRef = 4A78367C2502F86900F7FB90 /* TipCalculator.swift */; };
		4A78367F25036C9700F7FB90 /* SettingsViewController.swift in Sources */ = {isa = PBXBuildFile; fileRef = 4A78367E25036C9700F7FB90 /* SettingsViewController.swift */; };
/* End PBXBuildFile section */

/* Begin PBXContainerItemProxy section */
		4A78365E2502E38600F7FB90 /* PBXContainerItemProxy */ = {
			isa = PBXContainerItemProxy;
			containerPortal = 4A78363F2502E38200F7FB90 /* Project object */;
			proxyType = 1;
			remoteGlobalIDString = 4A7836462502E38200F7FB90;
			remoteInfo = Tip_Calc_version2;
		};
		4A7836692502E38600F7FB90 /* PBXContainerItemProxy */ = {
			isa = PBXContainerItemProxy;
			containerPortal = 4A78363F2502E38200F7FB90 /* Project object */;
			proxyType = 1;
			remoteGlobalIDString = 4A7836462502E38200F7FB90;
			remoteInfo = Tip_Calc_version2;
		};
/* End PBXContainerItemProxy section */

/* Begin PBXFileReference section */
		4A7836472502E38200F7FB90 /* Tip_Calc_version2.app */ = {isa = PBXFileReference; explicitFileType = wrapper.application; includeInIndex = 0; path = Tip_Calc_version2.app; sourceTree = BUILT_PRODUCTS_DIR; };
		4A78364A2502E38200F7FB90 /* AppDelegate.swift */ = {isa = PBXFileReference; lastKnownFileType = sourcecode.swift; path = AppDelegate.swift; sourceTree = "<group>"; };
		4A78364C2502E38200F7FB90 /* SceneDelegate.swift */ = {isa = PBXFileReference; lastKnownFileType = sourcecode.swift; path = SceneDelegate.swift; sourceTree = "<group>"; };
		4A7836512502E38200F7FB90 /* Base */ = {isa = PBXFileReference; lastKnownFileType = file.storyboard; name = Base; path = Base.lproj/Main.storyboard; sourceTree = "<group>"; };
		4A7836532502E38500F7FB90 /* Assets.xcassets */ = {isa = PBXFileReference; lastKnownFileType = folder.assetcatalog; path = Assets.xcassets; sourceTree = "<group>"; };
		4A7836562502E38500F7FB90 /* Base */ = {isa = PBXFileReference; lastKnownFileType = file.storyboard; name = Base; path = Base.lproj/LaunchScreen.storyboard; sourceTree = "<group>"; };
		4A7836582502E38500F7FB90 /* Info.plist */ = {isa = PBXFileReference; lastKnownFileType = text.plist.xml; path = Info.plist; sourceTree = "<group>"; };
		4A78365D2502E38600F7FB90 /* Tip_Calc_version2Tests.xctest */ = {isa = PBXFileReference; explicitFileType = wrapper.cfbundle; includeInIndex = 0; path = Tip_Calc_version2Tests.xctest; sourceTree = BUILT_PRODUCTS_DIR; };
		4A7836612502E38600F7FB90 /* Tip_Calc_version2Tests.swift */ = {isa = PBXFileReference; lastKnownFileType = sourcecode.swift; path = Tip_Calc_version2Tests.swift; sourceTree = "<group>"; };
		4A7836632502E38600F7FB90 /* Info.plist */ = {isa = PBXFileReference; lastKnownFileType = text.plist.xml; path = Info.plist; sourceTree = "<group>"; };
		4A7836682502E38600F7FB90 /* Tip_Calc_version2UITests.xctest */ = {isa = PBXFileReference; explicitFileType = wrapper.cfbundle; includeInIndex = 0; path = Tip_Calc_version2UITests.xctest; sourceTree = BUILT_PRODUCTS_DIR; };
		4A78366C2502E38600F7FB90 /* Tip_Calc_version2UITests.swift */ = {isa = PBXFileReference; lastKnownFileType = sourcecode.swift; path = Tip_Calc_version2UITests.swift; sourceTree = "<group>"; };
		4A78366E2502E38600F7FB90 /* Info.plist */ = {isa = PBXFileReference; lastKnownFileType = text.plist.xml; path = Info.plist; sourceTree = "<group>"; };
		4A78367A2502F37E00F7FB90 /* TipCalcViewController.swift */ = {isa = PBXFileReference; lastKnownFileType = sourcecode.swift; path = TipCalcViewController.swift; sourceTree = "<group>"; };
		4A78367C2502F86900F7FB90 /* TipCalculator.swift */ = {isa = PBXFileReference; lastKnownFileType = sourcecode.swift; path = TipCalculator.swift; sourceTree = "<group>"; };
		4A78367E25036C9700F7FB90 /* SettingsViewController.swift */ = {isa = PBXFileReference; lastKnownFileType = sourcecode.swift; path = SettingsViewController.swift; sourceTree = "<group>"; };
/* End PBXFileReference section */

/* Begin PBXFrameworksBuildPhase section */
		4A7836442502E38200F7FB90 /* Frameworks */ = {
			isa = PBXFrameworksBuildPhase;
			buildActionMask = 2147483647;
			files = (
			);
			runOnlyForDeploymentPostprocessing = 0;
		};
		4A78365A2502E38600F7FB90 /* Frameworks */ = {
			isa = PBXFrameworksBuildPhase;
			buildActionMask = 2147483647;
			files = (
			);
			runOnlyForDeploymentPostprocessing = 0;
		};
		4A7836652502E38600F7FB90 /* Frameworks */ = {
			isa = PBXFrameworksBuildPhase;
			buildActionMask = 2147483647;
			files = (
			);
			runOnlyForDeploymentPostprocessing = 0;
		};
/* End PBXFrameworksBuildPhase section */

/* Begin PBXGroup section */
		4A78363E2502E38200F7FB90 = {
			isa = PBXGroup;
			children = (
				4A7836492502E38200F7FB90 /* Tip_Calc_version2 */,
				4A7836602502E38600F7FB90 /* Tip_Calc_version2Tests */,
				4A78366B2502E38600F7FB90 /* Tip_Calc_version2UITests */,
				4A7836482502E38200F7FB90 /* Products */,
			);
			sourceTree = "<group>";
		};
		4A7836482502E38200F7FB90 /* Products */ = {
			isa = PBXGroup;
			children = (
				4A7836472502E38200F7FB90 /* Tip_Calc_version2.app */,
				4A78365D2502E38600F7FB90 /* Tip_Calc_version2Tests.xctest */,
				4A7836682502E38600F7FB90 /* Tip_Calc_version2UITests.xctest */,
			);
			name = Products;
			sourceTree = "<group>";
		};
		4A7836492502E38200F7FB90 /* Tip_Calc_version2 */ = {
			isa = PBXGroup;
			children = (
				4A78364A2502E38200F7FB90 /* AppDelegate.swift */,
				4A78364C2502E38200F7FB90 /* SceneDelegate.swift */,
				4A7836502502E38200F7FB90 /* Main.storyboard */,
				4A78367E25036C9700F7FB90 /* SettingsViewController.swift */,
				4A78367C2502F86900F7FB90 /* TipCalculator.swift */,
				4A78367A2502F37E00F7FB90 /* TipCalcViewController.swift */,
				4A7836532502E38500F7FB90 /* Assets.xcassets */,
				4A7836552502E38500F7FB90 /* LaunchScreen.storyboard */,
				4A7836582502E38500F7FB90 /* Info.plist */,
			);
			path = Tip_Calc_version2;
			sourceTree = "<group>";
		};
		4A7836602502E38600F7FB90 /* Tip_Calc_version2Tests */ = {
			isa = PBXGroup;
			children = (
				4A7836612502E38600F7FB90 /* Tip_Calc_version2Tests.swift */,
				4A7836632502E38600F7FB90 /* Info.plist */,
			);
			path = Tip_Calc_version2Tests;
			sourceTree = "<group>";
		};
		4A78366B2502E38600F7FB90 /* Tip_Calc_version2UITests */ = {
			isa = PBXGroup;
			children = (
				4A78366C2502E38600F7FB90 /* Tip_Calc_version2UITests.swift */,
				4A78366E2502E38600F7FB90 /* Info.plist */,
			);
			path = Tip_Calc_version2UITests;
			sourceTree = "<group>";
		};
/* End PBXGroup section */

/* Begin PBXNativeTarget section */
		4A7836462502E38200F7FB90 /* Tip_Calc_version2 */ = {
			isa = PBXNativeTarget;
			buildConfigurationList = 4A7836712502E38600F7FB90 /* Build configuration list for PBXNativeTarget "Tip_Calc_version2" */;
			buildPhases = (
				4A7836432502E38200F7FB90 /* Sources */,
				4A7836442502E38200F7FB90 /* Frameworks */,
				4A7836452502E38200F7FB90 /* Resources */,
			);
			buildRules = (
			);
			dependencies = (
			);
			name = Tip_Calc_version2;
			productName = Tip_Calc_version2;
			productReference = 4A7836472502E38200F7FB90 /* Tip_Calc_version2.app */;
			productType = "com.apple.product-type.application";
		};
		4A78365C2502E38600F7FB90 /* Tip_Calc_version2Tests */ = {
			isa = PBXNativeTarget;
			buildConfigurationList = 4A7836742502E38600F7FB90 /* Build configuration list for PBXNativeTarget "Tip_Calc_version2Tests" */;
			buildPhases = (
				4A7836592502E38600F7FB90 /* Sources */,
				4A78365A2502E38600F7FB90 /* Frameworks */,
				4A78365B2502E38600F7FB90 /* Resources */,
			);
			buildRules = (
			);
			dependencies = (
				4A78365F2502E38600F7FB90 /* PBXTargetDependency */,
			);
			name = Tip_Calc_version2Tests;
			productName = Tip_Calc_version2Tests;
			productReference = 4A78365D2502E38600F7FB90 /* Tip_Calc_version2Tests.xctest */;
			productType = "com.apple.product-type.bundle.unit-test";
		};
		4A7836672502E38600F7FB90 /* Tip_Calc_version2UITests */ = {
			isa = PBXNativeTarget;
			buildConfigurationList = 4A7836772502E38600F7FB90 /* Build configuration list for PBXNativeTarget "Tip_Calc_version2UITests" */;
			buildPhases = (
				4A7836642502E38600F7FB90 /* Sources */,
				4A7836652502E38600F7FB90 /* Frameworks */,
				4A7836662502E38600F7FB90 /* Resources */,
			);
			buildRules = (
			);
			dependencies = (
				4A78366A2502E38600F7FB90 /* PBXTargetDependency */,
			);
			name = Tip_Calc_version2UITests;
			productName = Tip_Calc_version2UITests;
			productReference = 4A7836682502E38600F7FB90 /* Tip_Calc_version2UITests.xctest */;
			productType = "com.apple.product-type.bundle.ui-testing";
		};
/* End PBXNativeTarget section */

/* Begin PBXProject section */
		4A78363F2502E38200F7FB90 /* Project object */ = {
			isa = PBXProject;
			attributes = {
				LastSwiftUpdateCheck = 1160;
				LastUpgradeCheck = 1160;
				ORGANIZATIONNAME = Codepath;
				TargetAttributes = {
					4A7836462502E38200F7FB90 = {
						CreatedOnToolsVersion = 11.6;
					};
					4A78365C2502E38600F7FB90 = {
						CreatedOnToolsVersion = 11.6;
						TestTargetID = 4A7836462502E38200F7FB90;
					};
					4A7836672502E38600F7FB90 = {
						CreatedOnToolsVersion = 11.6;
						TestTargetID = 4A7836462502E38200F7FB90;
					};
				};
			};
			buildConfigurationList = 4A7836422502E38200F7FB90 /* Build configuration list for PBXProject "Tip_Calc_version2" */;
			compatibilityVersion = "Xcode 9.3";
			developmentRegion = en;
			hasScannedForEncodings = 0;
			knownRegions = (
				en,
				Base,
			);
			mainGroup = 4A78363E2502E38200F7FB90;
			productRefGroup = 4A7836482502E38200F7FB90 /* Products */;
			projectDirPath = "";
			projectRoot = "";
			targets = (
				4A7836462502E38200F7FB90 /* Tip_Calc_version2 */,
				4A78365C2502E38600F7FB90 /* Tip_Calc_version2Tests */,
				4A7836672502E38600F7FB90 /* Tip_Calc_version2UITests */,
			);
		};
/* End PBXProject section */

/* Begin PBXResourcesBuildPhase section */
		4A7836452502E38200F7FB90 /* Resources */ = {
			isa = PBXResourcesBuildPhase;
			buildActionMask = 2147483647;
			files = (
				4A7836572502E38500F7FB90 /* LaunchScreen.storyboard in Resources */,
				4A7836542502E38500F7FB90 /* Assets.xcassets in Resources */,
				4A7836522502E38200F7FB90 /* Main.storyboard in Resources */,
			);
			runOnlyForDeploymentPostprocessing = 0;
		};
		4A78365B2502E38600F7FB90 /* Resources */ = {
			isa = PBXResourcesBuildPhase;
			buildActionMask = 2147483647;
			files = (
			);
			runOnlyForDeploymentPostprocessing = 0;
		};
		4A7836662502E38600F7FB90 /* Resources */ = {
			isa = PBXResourcesBuildPhase;
			buildActionMask = 2147483647;
			files = (
			);
			runOnlyForDeploymentPostprocessing = 0;
		};
/* End PBXResourcesBuildPhase section */

/* Begin PBXSourcesBuildPhase section */
		4A7836432502E38200F7FB90 /* Sources */ = {
			isa = PBXSourcesBuildPhase;
			buildActionMask = 2147483647;
			files = (
				4A78367B2502F37E00F7FB90 /* TipCalcViewController.swift in Sources */,
				4A78367D2502F86900F7FB90 /* TipCalculator.swift in Sources */,
				4A78364B2502E38200F7FB90 /* AppDelegate.swift in Sources */,
				4A78367F25036C9700F7FB90 /* SettingsViewController.swift in Sources */,
				4A78364D2502E38200F7FB90 /* SceneDelegate.swift in Sources */,
			);
			runOnlyForDeploymentPostprocessing = 0;
		};
		4A7836592502E38600F7FB90 /* Sources */ = {
			isa = PBXSourcesBuildPhase;
			buildActionMask = 2147483647;
			files = (
				4A7836622502E38600F7FB90 /* Tip_Calc_version2Tests.swift in Sources */,
			);
			runOnlyForDeploymentPostprocessing = 0;
		};
		4A7836642502E38600F7FB90 /* Sources */ = {
			isa = PBXSourcesBuildPhase;
			buildActionMask = 2147483647;
			files = (
				4A78366D2502E38600F7FB90 /* Tip_Calc_version2UITests.swift in Sources */,
			);
			runOnlyForDeploymentPostprocessing = 0;
		};
/* End PBXSourcesBuildPhase section */

/* Begin PBXTargetDependency section */
		4A78365F2502E38600F7FB90 /* PBXTargetDependency */ = {
			isa = PBXTargetDependency;
			target = 4A7836462502E38200F7FB90 /* Tip_Calc_version2 */;
			targetProxy = 4A78365E2502E38600F7FB90 /* PBXContainerItemProxy */;
		};
		4A78366A2502E38600F7FB90 /* PBXTargetDependency */ = {
			isa = PBXTargetDependency;
			target = 4A7836462502E38200F7FB90 /* Tip_Calc_version2 */;
			targetProxy = 4A7836692502E38600F7FB90 /* PBXContainerItemProxy */;
		};
/* End PBXTargetDependency section */

/* Begin PBXVariantGroup section */
		4A7836502502E38200F7FB90 /* Main.storyboard */ = {
			isa = PBXVariantGroup;
			children = (
				4A7836512502E38200F7FB90 /* Base */,
			);
			name = Main.storyboard;
			sourceTree = "<group>";
		};
		4A7836552502E38500F7FB90 /* LaunchScreen.storyboard */ = {
			isa = PBXVariantGroup;
			children = (
				4A7836562502E38500F7FB90 /* Base */,
			);
			name = LaunchScreen.storyboard;
			sourceTree = "<group>";
		};
/* End PBXVariantGroup section */

/* Begin XCBuildConfiguration section */
		4A78366F2502E38600F7FB90 /* Debug */ = {
			isa = XCBuildConfiguration;
			buildSettings = {
				ALWAYS_SEARCH_USER_PATHS = NO;
				CLANG_ANALYZER_NONNULL = YES;
				CLANG_ANALYZER_NUMBER_OBJECT_CONVERSION = YES_AGGRESSIVE;
				CLANG_CXX_LANGUAGE_STANDARD = "gnu++14";
				CLANG_CXX_LIBRARY = "libc++";
				CLANG_ENABLE_MODULES = YES;
				CLANG_ENABLE_OBJC_ARC = YES;
				CLANG_ENABLE_OBJC_WEAK = YES;
				CLANG_WARN_BLOCK_CAPTURE_AUTORELEASING = YES;
				CLANG_WARN_BOOL_CONVERSION = YES;
				CLANG_WARN_COMMA = YES;
				CLANG_WARN_CONSTANT_CONVERSION = YES;
				CLANG_WARN_DEPRECATED_OBJC_IMPLEMENTATIONS = YES;
				CLANG_WARN_DIRECT_OBJC_ISA_USAGE = YES_ERROR;
				CLANG_WARN_DOCUMENTATION_COMMENTS = YES;
				CLANG_WARN_EMPTY_BODY = YES;
				CLANG_WARN_ENUM_CONVERSION = YES;
				CLANG_WARN_INFINITE_RECURSION = YES;
				CLANG_WARN_INT_CONVERSION = YES;
				CLANG_WARN_NON_LITERAL_NULL_CONVERSION = YES;
				CLANG_WARN_OBJC_IMPLICIT_RETAIN_SELF = YES;
				CLANG_WARN_OBJC_LITERAL_CONVERSION = YES;
				CLANG_WARN_OBJC_ROOT_CLASS = YES_ERROR;
				CLANG_WARN_RANGE_LOOP_ANALYSIS = YES;
				CLANG_WARN_STRICT_PROTOTYPES = YES;
				CLANG_WARN_SUSPICIOUS_MOVE = YES;
				CLANG_WARN_UNGUARDED_AVAILABILITY = YES_AGGRESSIVE;
				CLANG_WARN_UNREACHABLE_CODE = YES;
				CLANG_WARN__DUPLICATE_METHOD_MATCH = YES;
				COPY_PHASE_STRIP = NO;
				DEBUG_INFORMATION_FORMAT = dwarf;
				ENABLE_STRICT_OBJC_MSGSEND = YES;
				ENABLE_TESTABILITY = YES;
				GCC_C_LANGUAGE_STANDARD = gnu11;
				GCC_DYNAMIC_NO_PIC = NO;
				GCC_NO_COMMON_BLOCKS = YES;
				GCC_OPTIMIZATION_LEVEL = 0;
				GCC_PREPROCESSOR_DEFINITIONS = (
					"DEBUG=1",
					"$(inherited)",
				);
				GCC_WARN_64_TO_32_BIT_CONVERSION = YES;
				GCC_WARN_ABOUT_RETURN_TYPE = YES_ERROR;
				GCC_WARN_UNDECLARED_SELECTOR = YES;
				GCC_WARN_UNINITIALIZED_AUTOS = YES_AGGRESSIVE;
				GCC_WARN_UNUSED_FUNCTION = YES;
				GCC_WARN_UNUSED_VARIABLE = YES;
				IPHONEOS_DEPLOYMENT_TARGET = 13.6;
				MTL_ENABLE_DEBUG_INFO = INCLUDE_SOURCE;
				MTL_FAST_MATH = YES;
				ONLY_ACTIVE_ARCH = YES;
				SDKROOT = iphoneos;
				SWIFT_ACTIVE_COMPILATION_CONDITIONS = DEBUG;
				SWIFT_OPTIMIZATION_LEVEL = "-Onone";
			};
			name = Debug;
		};
		4A7836702502E38600F7FB90 /* Release */ = {
			isa = XCBuildConfiguration;
			buildSettings = {
				ALWAYS_SEARCH_USER_PATHS = NO;
				CLANG_ANALYZER_NONNULL = YES;
				CLANG_ANALYZER_NUMBER_OBJECT_CONVERSION = YES_AGGRESSIVE;
				CLANG_CXX_LANGUAGE_STANDARD = "gnu++14";
				CLANG_CXX_LIBRARY = "libc++";
				CLANG_ENABLE_MODULES = YES;
				CLANG_ENABLE_OBJC_ARC = YES;
				CLANG_ENABLE_OBJC_WEAK = YES;
				CLANG_WARN_BLOCK_CAPTURE_AUTORELEASING = YES;
				CLANG_WARN_BOOL_CONVERSION = YES;
				CLANG_WARN_COMMA = YES;
				CLANG_WARN_CONSTANT_CONVERSION = YES;
				CLANG_WARN_DEPRECATED_OBJC_IMPLEMENTATIONS = YES;
				CLANG_WARN_DIRECT_OBJC_ISA_USAGE = YES_ERROR;
				CLANG_WARN_DOCUMENTATION_COMMENTS = YES;
				CLANG_WARN_EMPTY_BODY = YES;
				CLANG_WARN_ENUM_CONVERSION = YES;
				CLANG_WARN_INFINITE_RECURSION = YES;
				CLANG_WARN_INT_CONVERSION = YES;
				CLANG_WARN_NON_LITERAL_NULL_CONVERSION = YES;
				CLANG_WARN_OBJC_IMPLICIT_RETAIN_SELF = YES;
				CLANG_WARN_OBJC_LITERAL_CONVERSION = YES;
				CLANG_WARN_OBJC_ROOT_CLASS = YES_ERROR;
				CLANG_WARN_RANGE_LOOP_ANALYSIS = YES;
				CLANG_WARN_STRICT_PROTOTYPES = YES;
				CLANG_WARN_SUSPICIOUS_MOVE = YES;
				CLANG_WARN_UNGUARDED_AVAILABILITY = YES_AGGRESSIVE;
				CLANG_WARN_UNREACHABLE_CODE = YES;
				CLANG_WARN__DUPLICATE_METHOD_MATCH = YES;
				COPY_PHASE_STRIP = NO;
				DEBUG_INFORMATION_FORMAT = "dwarf-with-dsym";
				ENABLE_NS_ASSERTIONS = NO;
				ENABLE_STRICT_OBJC_MSGSEND = YES;
				GCC_C_LANGUAGE_STANDARD = gnu11;
				GCC_NO_COMMON_BLOCKS = YES;
				GCC_WARN_64_TO_32_BIT_CONVERSION = YES;
				GCC_WARN_ABOUT_RETURN_TYPE = YES_ERROR;
				GCC_WARN_UNDECLARED_SELECTOR = YES;
				GCC_WARN_UNINITIALIZED_AUTOS = YES_AGGRESSIVE;
				GCC_WARN_UNUSED_FUNCTION = YES;
				GCC_WARN_UNUSED_VARIABLE = YES;
				IPHONEOS_DEPLOYMENT_TARGET = 13.6;
				MTL_ENABLE_DEBUG_INFO = NO;
				MTL_FAST_MATH = YES;
				SDKROOT = iphoneos;
				SWIFT_COMPILATION_MODE = wholemodule;
				SWIFT_OPTIMIZATION_LEVEL = "-O";
				VALIDATE_PRODUCT = YES;
			};
			name = Release;
		};
		4A7836722502E38600F7FB90 /* Debug */ = {
			isa = XCBuildConfiguration;
			buildSettings = {
				ASSETCATALOG_COMPILER_APPICON_NAME = AppIcon;
				CODE_SIGN_STYLE = Automatic;
				INFOPLIST_FILE = Tip_Calc_version2/Info.plist;
				LD_RUNPATH_SEARCH_PATHS = (
					"$(inherited)",
					"@executable_path/Frameworks",
				);
				PRODUCT_BUNDLE_IDENTIFIER = "Codepath.Tip-Calc-version2";
				PRODUCT_NAME = "$(TARGET_NAME)";
				SWIFT_VERSION = 5.0;
				TARGETED_DEVICE_FAMILY = "1,2";
			};
			name = Debug;
		};
		4A7836732502E38600F7FB90 /* Release */ = {
			isa = XCBuildConfiguration;
			buildSettings = {
				ASSETCATALOG_COMPILER_APPICON_NAME = AppIcon;
				CODE_SIGN_STYLE = Automatic;
				INFOPLIST_FILE = Tip_Calc_version2/Info.plist;
				LD_RUNPATH_SEARCH_PATHS = (
					"$(inherited)",
					"@executable_path/Frameworks",
				);
				PRODUCT_BUNDLE_IDENTIFIER = "Codepath.Tip-Calc-version2";
				PRODUCT_NAME = "$(TARGET_NAME)";
				SWIFT_VERSION = 5.0;
				TARGETED_DEVICE_FAMILY = "1,2";
			};
			name = Release;
		};
		4A7836752502E38600F7FB90 /* Debug */ = {
			isa = XCBuildConfiguration;
			buildSettings = {
				ALWAYS_EMBED_SWIFT_STANDARD_LIBRARIES = YES;
				BUNDLE_LOADER = "$(TEST_HOST)";
				CODE_SIGN_STYLE = Automatic;
				INFOPLIST_FILE = Tip_Calc_version2Tests/Info.plist;
				IPHONEOS_DEPLOYMENT_TARGET = 13.6;
				LD_RUNPATH_SEARCH_PATHS = (
					"$(inherited)",
					"@executable_path/Frameworks",
					"@loader_path/Frameworks",
				);
				PRODUCT_BUNDLE_IDENTIFIER = "Codepath.Tip-Calc-version2Tests";
				PRODUCT_NAME = "$(TARGET_NAME)";
				SWIFT_VERSION = 5.0;
				TARGETED_DEVICE_FAMILY = "1,2";
				TEST_HOST = "$(BUILT_PRODUCTS_DIR)/Tip_Calc_version2.app/Tip_Calc_version2";
			};
			name = Debug;
		};
		4A7836762502E38600F7FB90 /* Release */ = {
			isa = XCBuildConfiguration;
			buildSettings = {
				ALWAYS_EMBED_SWIFT_STANDARD_LIBRARIES = YES;
				BUNDLE_LOADER = "$(TEST_HOST)";
				CODE_SIGN_STYLE = Automatic;
				INFOPLIST_FILE = Tip_Calc_version2Tests/Info.plist;
				IPHONEOS_DEPLOYMENT_TARGET = 13.6;
				LD_RUNPATH_SEARCH_PATHS = (
					"$(inherited)",
					"@executable_path/Frameworks",
					"@loader_path/Frameworks",
				);
				PRODUCT_BUNDLE_IDENTIFIER = "Codepath.Tip-Calc-version2Tests";
				PRODUCT_NAME = "$(TARGET_NAME)";
				SWIFT_VERSION = 5.0;
				TARGETED_DEVICE_FAMILY = "1,2";
				TEST_HOST = "$(BUILT_PRODUCTS_DIR)/Tip_Calc_version2.app/Tip_Calc_version2";
			};
			name = Release;
		};
		4A7836782502E38600F7FB90 /* Debug */ = {
			isa = XCBuildConfiguration;
			buildSettings = {
				ALWAYS_EMBED_SWIFT_STANDARD_LIBRARIES = YES;
				CODE_SIGN_STYLE = Automatic;
				INFOPLIST_FILE = Tip_Calc_version2UITests/Info.plist;
				LD_RUNPATH_SEARCH_PATHS = (
					"$(inherited)",
					"@executable_path/Frameworks",
					"@loader_path/Frameworks",
				);
				PRODUCT_BUNDLE_IDENTIFIER = "Codepath.Tip-Calc-version2UITests";
				PRODUCT_NAME = "$(TARGET_NAME)";
				SWIFT_VERSION = 5.0;
				TARGETED_DEVICE_FAMILY = "1,2";
				TEST_TARGET_NAME = Tip_Calc_version2;
			};
			name = Debug;
		};
		4A7836792502E38600F7FB90 /* Release */ = {
			isa = XCBuildConfiguration;
			buildSettings = {
				ALWAYS_EMBED_SWIFT_STANDARD_LIBRARIES = YES;
				CODE_SIGN_STYLE = Automatic;
				INFOPLIST_FILE = Tip_Calc_version2UITests/Info.plist;
				LD_RUNPATH_SEARCH_PATHS = (
					"$(inherited)",
					"@executable_path/Frameworks",
					"@loader_path/Frameworks",
				);
				PRODUCT_BUNDLE_IDENTIFIER = "Codepath.Tip-Calc-version2UITests";
				PRODUCT_NAME = "$(TARGET_NAME)";
				SWIFT_VERSION = 5.0;
				TARGETED_DEVICE_FAMILY = "1,2";
				TEST_TARGET_NAME = Tip_Calc_version2;
			};
			name = Release;
		};
/* End XCBuildConfiguration section */

/* Begin XCConfigurationList section */
		4A7836422502E38200F7FB90 /* Build configuration list for PBXProject "Tip_Calc_version2" */ = {
			isa = XCConfigurationList;
			buildConfigurations = (
				4A78366F2502E38600F7FB90 /* Debug */,
				4A7836702502E38600F7FB90 /* Release */,
			);
			defaultConfigurationIsVisible = 0;
			defaultConfigurationName = Release;
		};
		4A7836712502E38600F7FB90 /* Build configuration list for PBXNativeTarget "Tip_Calc_version2" */ = {
			isa = XCConfigurationList;
			buildConfigurations = (
				4A7836722502E38600F7FB90 /* Debug */,
				4A7836732502E38600F7FB90 /* Release */,
			);
			defaultConfigurationIsVisible = 0;
			defaultConfigurationName = Release;
		};
		4A7836742502E38600F7FB90 /* Build configuration list for PBXNativeTarget "Tip_Calc_version2Tests" */ = {
			isa = XCConfigurationList;
			buildConfigurations = (
				4A7836752502E38600F7FB90 /* Debug */,
				4A7836762502E38600F7FB90 /* Release */,
			);
			defaultConfigurationIsVisible = 0;
			defaultConfigurationName = Release;
		};
		4A7836772502E38600F7FB90 /* Build configuration list for PBXNativeTarget "Tip_Calc_version2UITests" */ = {
			isa = XCConfigurationList;
			buildConfigurations = (
				4A7836782502E38600F7FB90 /* Debug */,
				4A7836792502E38600F7FB90 /* Release */,
			);
			defaultConfigurationIsVisible = 0;
			defaultConfigurationName = Release;
		};
/* End XCConfigurationList section */
	};
	rootObject = 4A78363F2502E38200F7FB90 /* Project object */;
}
